<?xml version="1.0" encoding="UTF-8"?>
<CONFIG>
  <ProjectOptions>
    <Version Value="11"/>
    <PathDelim Value="\"/>
    <General>
      <Flags>
        <MainUnitHasUsesSectionForAllUnits Value="False"/>
        <MainUnitHasCreateFormStatements Value="False"/>
        <MainUnitHasTitleStatement Value="False"/>
      </Flags>
      <SessionStorage Value="InProjectDir"/>
      <MainUnit Value="0"/>
      <Title Value="FeupAutom"/>
      <Scaled Value="True"/>
      <UseAppBundle Value="False"/>
      <ResourceType Value="res"/>
      <UseXPManifest Value="True"/>
      <XPManifest>
        <DpiAware Value="True"/>
      </XPManifest>
      <Icon Value="0"/>
    </General>
    <i18n>
      <EnableI18N LFM="False"/>
    </i18n>
    <VersionInfo>
      <UseVersionInfo Value="True"/>
      <AutoIncrementBuild Value="True"/>
      <MajorVersionNr Value="5"/>
      <MinorVersionNr Value="51"/>
      <BuildNr Value="159"/>
      <StringTable CompanyName="FEUP" ProductName="FEUPAutom" ProductVersion="5.51"/>
    </VersionInfo>
    <BuildModes Count="1">
      <Item1 Name="Default" Default="True"/>
    </BuildModes>
    <PublishOptions>
      <Version Value="2"/>
    </PublishOptions>
    <RunParams>
      <FormatVersion Value="2"/>
      <Modes Count="1">
        <Mode0 Name="default"/>
      </Modes>
    </RunParams>
    <RequiredPackages Count="8">
      <Item1>
        <PackageName Value="Printer4Lazarus"/>
      </Item1>
      <Item2>
        <PackageName Value="SynEdit"/>
      </Item2>
      <Item3>
        <PackageName Value="LazUtils"/>
      </Item3>
      <Item4>
        <PackageName Value="FCL"/>
      </Item4>
      <Item5>
        <PackageName Value="lnetvisual"/>
      </Item5>
      <Item6>
        <PackageName Value="pascalscript"/>
      </Item6>
      <Item7>
        <PackageName Value="TAChartLazarusPkg"/>
      </Item7>
      <Item8>
        <PackageName Value="LCL"/>
      </Item8>
    </RequiredPackages>
    <Units Count="15">
      <Unit0>
        <Filename Value="FeupAutom.lpr"/>
        <IsPartOfProject Value="True"/>
      </Unit0>
      <Unit1>
        <Filename Value="main.pas"/>
        <IsPartOfProject Value="True"/>
        <ComponentName Value="FMain"/>
        <HasResources Value="True"/>
        <ResourceBaseClass Value="Form"/>
      </Unit1>
      <Unit2>
        <Filename Value="Variables.pas"/>
        <IsPartOfProject Value="True"/>
        <ComponentName Value="FVariables"/>
        <HasResources Value="True"/>
        <ResourceBaseClass Value="Form"/>
      </Unit2>
      <Unit3>
        <Filename Value="StructuredTextUtils.pas"/>
        <IsPartOfProject Value="True"/>
      </Unit3>
      <Unit4>
        <Filename Value="IOLeds.pas"/>
        <IsPartOfProject Value="True"/>
        <ComponentName Value="FIOLeds"/>
        <HasResources Value="True"/>
        <ResourceBaseClass Value="Form"/>
      </Unit4>
      <Unit5>
        <Filename Value="structuredtext2pas.pas"/>
        <IsPartOfProject Value="True"/>
      </Unit5>
      <Unit6>
        <Filename Value="MMTimer.pas"/>
        <IsPartOfProject Value="True"/>
      </Unit6>
      <Unit7>
        <Filename Value="WMCopyData.pas"/>
        <IsPartOfProject Value="True"/>
      </Unit7>
      <Unit8>
        <Filename Value="ProjManage.pas"/>
        <IsPartOfProject Value="True"/>
      </Unit8>
      <Unit9>
        <Filename Value="Logger.pas"/>
        <IsPartOfProject Value="True"/>
        <ComponentName Value="FLog"/>
        <HasResources Value="True"/>
        <ResourceBaseClass Value="Form"/>
      </Unit9>
      <Unit10>
        <Filename Value="splash.pas"/>
        <IsPartOfProject Value="True"/>
        <ComponentName Value="FormSplash"/>
        <HasResources Value="True"/>
        <ResourceBaseClass Value="Form"/>
      </Unit10>
      <Unit11>
        <Filename Value="G7Draw.pas"/>
        <IsPartOfProject Value="True"/>
        <ComponentName Value="FormG7"/>
        <HasResources Value="True"/>
        <ResourceBaseClass Value="Form"/>
      </Unit11>
      <Unit12>
        <Filename Value="Pas2C.pas"/>
        <IsPartOfProject Value="True"/>
      </Unit12>
      <Unit13>
        <Filename Value="modbus_utils.pas"/>
        <IsPartOfProject Value="True"/>
        <UnitName Value="Modbus_Utils"/>
      </Unit13>
      <Unit14>
        <Filename Value="selfgrade.pas"/>
        <IsPartOfProject Value="True"/>
        <ComponentName Value="FormSelfGrade"/>
        <HasResources Value="True"/>
        <ResourceBaseClass Value="Form"/>
        <UnitName Value="SelfGrade"/>
      </Unit14>
    </Units>
  </ProjectOptions>
  <CompilerOptions>
    <Version Value="11"/>
    <PathDelim Value="\"/>
    <SearchPaths>
      <IncludeFiles Value="$(ProjOutDir)"/>
      <Libraries Value="c:\lazarus\components\synedit\"/>
      <OtherUnitFiles Value="c:\lazarus\components\synedit\"/>
    </SearchPaths>
    <CodeGeneration>
      <Checks>
        <IOChecks Value="True"/>
        <RangeChecks Value="True"/>
        <OverflowChecks Value="True"/>
        <StackChecks Value="True"/>
      </Checks>
      <VerifyObjMethodCallValidity Value="True"/>
    </CodeGeneration>
    <Linking>
      <Debugging>
        <TrashVariables Value="True"/>
        <UseExternalDbgSyms Value="True"/>
      </Debugging>
      <Options>
        <Win32>
          <GraphicApplication Value="True"/>
        </Win32>
      </Options>
    </Linking>
    <Other>
      <CustomOptions Value="-dBorland -dVer150 -dDelphi7 -dCompiler6_Up -dPUREPASCAL"/>
    </Other>
  </CompilerOptions>
  <Debugging>
    <Exceptions Count="6">
      <Item1>
        <Name Value="EAbort"/>
      </Item1>
      <Item2>
        <Name Value="ECodetoolError"/>
      </Item2>
      <Item3>
        <Name Value="EFOpenError"/>
      </Item3>
      <Item4>
        <Name Value="EIdNotASocket"/>
      </Item4>
      <Item5>
        <Name Value="EIdConnectTimeout"/>
      </Item5>
      <Item6>
        <Name Value="RunError(201)"/>
      </Item6>
    </Exceptions>
  </Debugging>
</CONFIG>
